
Microsoft Visual Studio Solution File, Format Version 12.00
# Visual Studio Version 17
VisualStudioVersion = 17.4.33205.214
MinimumVisualStudioVersion = 10.0.40219.1
Project("{FAE04EC0-301F-11D3-BF4B-00C04F79EFBC}") = "Session-23", "Session-23\Session-23.csproj", "{26AC9A76-A3A3-4689-95CE-842DA95FC551}"
EndProject
Global
	GlobalSection(SolutionConfigurationPlatforms) = preSolution
		Debug|Any CPU = Debug|Any CPU
		Release|Any CPU = Release|Any CPU
	EndGlobalSection
	GlobalSection(ProjectConfigurationPlatforms) = postSolution
		{26AC9A76-A3A3-4689-95CE-842DA95FC551}.Debug|Any CPU.ActiveCfg = Debug|Any CPU
		{26AC9A76-A3A3-4689-95CE-842DA95FC551}.Debug|Any CPU.Build.0 = Debug|Any CPU
		{26AC9A76-A3A3-4689-95CE-842DA95FC551}.Release|Any CPU.ActiveCfg = Release|Any CPU
		{26AC9A76-A3A3-4689-95CE-842DA95FC551}.Release|Any CPU.Build.0 = Release|Any CPU
	EndGlobalSection
	GlobalSection(SolutionProperties) = preSolution
		HideSolutionNode = FALSE
	EndGlobalSection
	GlobalSection(ExtensibilityGlobals) = postSolution
		SolutionGuid = {8DBDA135-325B-419D-A2F4-8D2982435005}
	EndGlobalSection
EndGlobal
