
Microsoft Visual Studio Solution File, Format Version 12.00
# Visual Studio Version 17
VisualStudioVersion = 17.4.33205.214
MinimumVisualStudioVersion = 10.0.40219.1
Project("{FAE04EC0-301F-11D3-BF4B-00C04F79EFBC}") = "Session-10", "Session-10\Session-10.csproj", "{8F006B72-689B-4FFA-A11B-FB2C470980C8}"
EndProject
Project("{FAE04EC0-301F-11D3-BF4B-00C04F79EFBC}") = "UniLib", "UniLib\UniLib.csproj", "{4C3AD664-4F05-43D0-A93E-9F6F7FB88136}"
EndProject
Global
	GlobalSection(SolutionConfigurationPlatforms) = preSolution
		Debug|Any CPU = Debug|Any CPU
		Release|Any CPU = Release|Any CPU
	EndGlobalSection
	GlobalSection(ProjectConfigurationPlatforms) = postSolution
		{8F006B72-689B-4FFA-A11B-FB2C470980C8}.Debug|Any CPU.ActiveCfg = Debug|Any CPU
		{8F006B72-689B-4FFA-A11B-FB2C470980C8}.Debug|Any CPU.Build.0 = Debug|Any CPU
		{8F006B72-689B-4FFA-A11B-FB2C470980C8}.Release|Any CPU.ActiveCfg = Release|Any CPU
		{8F006B72-689B-4FFA-A11B-FB2C470980C8}.Release|Any CPU.Build.0 = Release|Any CPU
		{4C3AD664-4F05-43D0-A93E-9F6F7FB88136}.Debug|Any CPU.ActiveCfg = Debug|Any CPU
		{4C3AD664-4F05-43D0-A93E-9F6F7FB88136}.Debug|Any CPU.Build.0 = Debug|Any CPU
		{4C3AD664-4F05-43D0-A93E-9F6F7FB88136}.Release|Any CPU.ActiveCfg = Release|Any CPU
		{4C3AD664-4F05-43D0-A93E-9F6F7FB88136}.Release|Any CPU.Build.0 = Release|Any CPU
	EndGlobalSection
	GlobalSection(SolutionProperties) = preSolution
		HideSolutionNode = FALSE
	EndGlobalSection
	GlobalSection(ExtensibilityGlobals) = postSolution
		SolutionGuid = {E6B38E3F-1134-4C96-B674-4289CC689EA0}
	EndGlobalSection
EndGlobal
