
Microsoft Visual Studio Solution File, Format Version 12.00
# Visual Studio Version 17
VisualStudioVersion = 17.4.33205.214
MinimumVisualStudioVersion = 10.0.40219.1
Project("{FAE04EC0-301F-11D3-BF4B-00C04F79EFBC}") = "Session-10", "Session-10\Session-10.csproj", "{B79BF84C-D075-44F2-9E47-9BF953995006}"
EndProject
Project("{9A19103F-16F7-4668-BE54-9A1E7A4F7556}") = "Session-06", "..\Session-06\Session-06\Session-06.csproj", "{3276DF8A-2FA1-44E9-9F52-92BFFD764295}"
EndProject
Global
	GlobalSection(SolutionConfigurationPlatforms) = preSolution
		Debug|Any CPU = Debug|Any CPU
		Release|Any CPU = Release|Any CPU
	EndGlobalSection
	GlobalSection(ProjectConfigurationPlatforms) = postSolution
		{B79BF84C-D075-44F2-9E47-9BF953995006}.Debug|Any CPU.ActiveCfg = Debug|Any CPU
		{B79BF84C-D075-44F2-9E47-9BF953995006}.Debug|Any CPU.Build.0 = Debug|Any CPU
		{B79BF84C-D075-44F2-9E47-9BF953995006}.Release|Any CPU.ActiveCfg = Release|Any CPU
		{B79BF84C-D075-44F2-9E47-9BF953995006}.Release|Any CPU.Build.0 = Release|Any CPU
		{3276DF8A-2FA1-44E9-9F52-92BFFD764295}.Debug|Any CPU.ActiveCfg = Debug|Any CPU
		{3276DF8A-2FA1-44E9-9F52-92BFFD764295}.Debug|Any CPU.Build.0 = Debug|Any CPU
		{3276DF8A-2FA1-44E9-9F52-92BFFD764295}.Release|Any CPU.ActiveCfg = Release|Any CPU
		{3276DF8A-2FA1-44E9-9F52-92BFFD764295}.Release|Any CPU.Build.0 = Release|Any CPU
	EndGlobalSection
	GlobalSection(SolutionProperties) = preSolution
		HideSolutionNode = FALSE
	EndGlobalSection
	GlobalSection(ExtensibilityGlobals) = postSolution
		SolutionGuid = {0C50AECF-3357-4EB9-A6C2-1802CEE1A14C}
	EndGlobalSection
EndGlobal
