
Microsoft Visual Studio Solution File, Format Version 12.00
# Visual Studio Version 17
VisualStudioVersion = 17.4.33205.214
MinimumVisualStudioVersion = 10.0.40219.1
Project("{FAE04EC0-301F-11D3-BF4B-00C04F79EFBC}") = "Session-11", "Session-11\Session-11.csproj", "{39F89C0F-4C67-41EC-872B-1FDEDCD9E7AF}"
EndProject
Global
	GlobalSection(SolutionConfigurationPlatforms) = preSolution
		Debug|Any CPU = Debug|Any CPU
		Release|Any CPU = Release|Any CPU
	EndGlobalSection
	GlobalSection(ProjectConfigurationPlatforms) = postSolution
		{39F89C0F-4C67-41EC-872B-1FDEDCD9E7AF}.Debug|Any CPU.ActiveCfg = Debug|Any CPU
		{39F89C0F-4C67-41EC-872B-1FDEDCD9E7AF}.Debug|Any CPU.Build.0 = Debug|Any CPU
		{39F89C0F-4C67-41EC-872B-1FDEDCD9E7AF}.Release|Any CPU.ActiveCfg = Release|Any CPU
		{39F89C0F-4C67-41EC-872B-1FDEDCD9E7AF}.Release|Any CPU.Build.0 = Release|Any CPU
	EndGlobalSection
	GlobalSection(SolutionProperties) = preSolution
		HideSolutionNode = FALSE
	EndGlobalSection
	GlobalSection(ExtensibilityGlobals) = postSolution
		SolutionGuid = {DC30CE18-98CD-4FF0-B833-6240F03A833F}
	EndGlobalSection
EndGlobal
